// !$*UTF8*$!
{
	archiveVersion = 1;
	classes = {
	};
	objectVersion = 56;
	objects = {

/* Begin PBXBuildFile section */
		A10000000000000000000001 /* MyPipCamApp.swift in Sources */ = {isa = PBXBuildFile; fileRef = A20000000000000000000001 /* MyPipCamApp.swift */; };
		A10000000000000000000002 /* CameraManager.swift in Sources */ = {isa = PBXBuildFile; fileRef = A20000000000000000000002 /* CameraManager.swift */; };
		A10000000000000000000003 /* CameraPreviewView.swift in Sources */ = {isa = PBXBuildFile; fileRef = A20000000000000000000003 /* CameraPreviewView.swift */; };
		A10000000000000000000004 /* CameraBubbleView.swift in Sources */ = {isa = PBXBuildFile; fileRef = A20000000000000000000004 /* CameraBubbleView.swift */; };
		A10000000000000000000005 /* CameraBubbleController.swift in Sources */ = {isa = PBXBuildFile; fileRef = A20000000000000000000005 /* CameraBubbleController.swift */; };
		A10000000000000000000006 /* BubbleSettings.swift in Sources */ = {isa = PBXBuildFile; fileRef = A20000000000000000000006 /* BubbleSettings.swift */; };
		A10000000000000000000007 /* StatusItemController.swift in Sources */ = {isa = PBXBuildFile; fileRef = A20000000000000000000007 /* StatusItemController.swift */; };
		A10000000000000000000009 /* BorderColorPopover.swift in Sources */ = {isa = PBXBuildFile; fileRef = A2000000000000000000000C /* BorderColorPopover.swift */; };
		A1000000000000000000000A /* LoginItemManager.swift in Sources */ = {isa = PBXBuildFile; fileRef = A2000000000000000000000D /* LoginItemManager.swift */; };
		A1000000000000000000000B /* ExtensionLibraryOpener.swift in Sources */ = {isa = PBXBuildFile; fileRef = A2000000000000000000000E /* ExtensionLibraryOpener.swift */; };
		A1000000000000000000000C /* MicrophoneManager.swift in Sources */ = {isa = PBXBuildFile; fileRef = A2000000000000000000000F /* MicrophoneManager.swift */; };
		A1000000000000000000000D /* LibraryFolderStore.swift in Sources */ = {isa = PBXBuildFile; fileRef = A20000000000000000000010 /* LibraryFolderStore.swift */; };
		A1000000000000000000000E /* LibraryView.swift in Sources */ = {isa = PBXBuildFile; fileRef = A20000000000000000000011 /* LibraryView.swift */; };
		A1000000000000000000000F /* ScreenCloudRecorder.swift in Sources */ = {isa = PBXBuildFile; fileRef = A20000000000000000000012 /* ScreenCloudRecorder.swift */; };
		A10000000000000000000010 /* RecordingController.swift in Sources */ = {isa = PBXBuildFile; fileRef = A20000000000000000000013 /* RecordingController.swift */; };
		A10000000000000000000011 /* RecordToCloudCoordinator.swift in Sources */ = {isa = PBXBuildFile; fileRef = A20000000000000000000014 /* RecordToCloudCoordinator.swift */; };
		A10000000000000000000012 /* RecordToCloudSetupView.swift in Sources */ = {isa = PBXBuildFile; fileRef = A20000000000000000000015 /* RecordToCloudSetupView.swift */; };
		A10000000000000000000008 /* Assets.xcassets in Resources */ = {isa = PBXBuildFile; fileRef = A20000000000000000000008 /* Assets.xcassets */; };
/* End PBXBuildFile section */

/* Begin PBXFileReference section */
		A20000000000000000000001 /* MyPipCamApp.swift */ = {isa = PBXFileReference; lastKnownFileType = sourcecode.swift; path = MyPipCamApp.swift; sourceTree = "<group>"; };
		A20000000000000000000002 /* CameraManager.swift */ = {isa = PBXFileReference; lastKnownFileType = sourcecode.swift; path = CameraManager.swift; sourceTree = "<group>"; };
		A20000000000000000000003 /* CameraPreviewView.swift */ = {isa = PBXFileReference; lastKnownFileType = sourcecode.swift; path = CameraPreviewView.swift; sourceTree = "<group>"; };
		A20000000000000000000004 /* CameraBubbleView.swift */ = {isa = PBXFileReference; lastKnownFileType = sourcecode.swift; path = CameraBubbleView.swift; sourceTree = "<group>"; };
		A20000000000000000000005 /* CameraBubbleController.swift */ = {isa = PBXFileReference; lastKnownFileType = sourcecode.swift; path = CameraBubbleController.swift; sourceTree = "<group>"; };
		A20000000000000000000006 /* BubbleSettings.swift */ = {isa = PBXFileReference; lastKnownFileType = sourcecode.swift; path = BubbleSettings.swift; sourceTree = "<group>"; };
		A20000000000000000000007 /* StatusItemController.swift */ = {isa = PBXFileReference; lastKnownFileType = sourcecode.swift; path = StatusItemController.swift; sourceTree = "<group>"; };
		A2000000000000000000000C /* BorderColorPopover.swift */ = {isa = PBXFileReference; lastKnownFileType = sourcecode.swift; path = BorderColorPopover.swift; sourceTree = "<group>"; };
		A2000000000000000000000D /* LoginItemManager.swift */ = {isa = PBXFileReference; lastKnownFileType = sourcecode.swift; path = LoginItemManager.swift; sourceTree = "<group>"; };
		A2000000000000000000000E /* ExtensionLibraryOpener.swift */ = {isa = PBXFileReference; lastKnownFileType = sourcecode.swift; path = ExtensionLibraryOpener.swift; sourceTree = "<group>"; };
		A2000000000000000000000F /* MicrophoneManager.swift */ = {isa = PBXFileReference; lastKnownFileType = sourcecode.swift; path = MicrophoneManager.swift; sourceTree = "<group>"; };
		A20000000000000000000010 /* LibraryFolderStore.swift */ = {isa = PBXFileReference; lastKnownFileType = sourcecode.swift; path = LibraryFolderStore.swift; sourceTree = "<group>"; };
		A20000000000000000000011 /* LibraryView.swift */ = {isa = PBXFileReference; lastKnownFileType = sourcecode.swift; path = LibraryView.swift; sourceTree = "<group>"; };
		A20000000000000000000012 /* ScreenCloudRecorder.swift */ = {isa = PBXFileReference; lastKnownFileType = sourcecode.swift; path = ScreenCloudRecorder.swift; sourceTree = "<group>"; };
		A20000000000000000000013 /* RecordingController.swift */ = {isa = PBXFileReference; lastKnownFileType = sourcecode.swift; path = RecordingController.swift; sourceTree = "<group>"; };
		A20000000000000000000014 /* RecordToCloudCoordinator.swift */ = {isa = PBXFileReference; lastKnownFileType = sourcecode.swift; path = RecordToCloudCoordinator.swift; sourceTree = "<group>"; };
		A20000000000000000000015 /* RecordToCloudSetupView.swift */ = {isa = PBXFileReference; lastKnownFileType = sourcecode.swift; path = RecordToCloudSetupView.swift; sourceTree = "<group>"; };
		A20000000000000000000008 /* Assets.xcassets */ = {isa = PBXFileReference; lastKnownFileType = folder.assetcatalog; path = Assets.xcassets; sourceTree = "<group>"; };
		A20000000000000000000009 /* Info.plist */ = {isa = PBXFileReference; lastKnownFileType = text.plist.xml; path = Info.plist; sourceTree = "<group>"; };
		A2000000000000000000000A /* MyPipCam.entitlements */ = {isa = PBXFileReference; lastKnownFileType = text.plist.entitlements; path = MyPipCam.entitlements; sourceTree = "<group>"; };
		A2000000000000000000000B /* MyPipCam.app */ = {isa = PBXFileReference; explicitFileType = wrapper.application; includeInIndex = 0; path = MyPipCam.app; sourceTree = BUILT_PRODUCTS_DIR; };
/* End PBXFileReference section */

/* Begin PBXFrameworksBuildPhase section */
		A30000000000000000000001 /* Frameworks */ = {
			isa = PBXFrameworksBuildPhase;
			buildActionMask = 2147483647;
			files = (
			);
			runOnlyForDeploymentPostprocessing = 0;
		};
/* End PBXFrameworksBuildPhase section */

/* Begin PBXGroup section */
		A40000000000000000000001 = {
			isa = PBXGroup;
			children = (
				A40000000000000000000002 /* MyPipCam */,
				A40000000000000000000003 /* Products */,
			);
			sourceTree = "<group>";
		};
		A40000000000000000000002 /* MyPipCam */ = {
			isa = PBXGroup;
			children = (
				A20000000000000000000001 /* MyPipCamApp.swift */,
				A20000000000000000000002 /* CameraManager.swift */,
				A2000000000000000000000F /* MicrophoneManager.swift */,
				A20000000000000000000003 /* CameraPreviewView.swift */,
				A20000000000000000000004 /* CameraBubbleView.swift */,
				A20000000000000000000005 /* CameraBubbleController.swift */,
				A20000000000000000000006 /* BubbleSettings.swift */,
				A20000000000000000000007 /* StatusItemController.swift */,
				A2000000000000000000000C /* BorderColorPopover.swift */,
				A2000000000000000000000D /* LoginItemManager.swift */,
				A2000000000000000000000E /* ExtensionLibraryOpener.swift */,
				A20000000000000000000010 /* LibraryFolderStore.swift */,
				A20000000000000000000011 /* LibraryView.swift */,
				A20000000000000000000012 /* ScreenCloudRecorder.swift */,
				A20000000000000000000013 /* RecordingController.swift */,
				A20000000000000000000014 /* RecordToCloudCoordinator.swift */,
				A20000000000000000000015 /* RecordToCloudSetupView.swift */,
				A20000000000000000000008 /* Assets.xcassets */,
				A20000000000000000000009 /* Info.plist */,
				A2000000000000000000000A /* MyPipCam.entitlements */,
			);
			path = MyPipCam;
			sourceTree = "<group>";
		};
		A40000000000000000000003 /* Products */ = {
			isa = PBXGroup;
			children = (
				A2000000000000000000000B /* MyPipCam.app */,
			);
			name = Products;
			sourceTree = "<group>";
		};
/* End PBXGroup section */

/* Begin PBXNativeTarget section */
		A50000000000000000000001 /* MyPipCam */ = {
			isa = PBXNativeTarget;
			buildConfigurationList = A70000000000000000000003 /* Build configuration list for PBXNativeTarget "MyPipCam" */;
			buildPhases = (
				A60000000000000000000001 /* Sources */,
				A30000000000000000000001 /* Frameworks */,
				A60000000000000000000002 /* Resources */,
			);
			buildRules = (
			);
			dependencies = (
			);
			name = MyPipCam;
			productName = MyPipCam;
			productReference = A2000000000000000000000B /* MyPipCam.app */;
			productType = "com.apple.product-type.application";
		};
/* End PBXNativeTarget section */

/* Begin PBXProject section */
		A80000000000000000000001 /* Project object */ = {
			isa = PBXProject;
			attributes = {
				BuildIndependentTargetsInParallel = 1;
				LastSwiftUpdateCheck = 1600;
				LastUpgradeCheck = 1600;
				TargetAttributes = {
					A50000000000000000000001 = {
						CreatedOnToolsVersion = 16.0;
					};
				};
			};
			buildConfigurationList = A70000000000000000000001 /* Build configuration list for PBXProject "MyPipCam" */;
			compatibilityVersion = "Xcode 14.0";
			developmentRegion = en;
			hasScannedForEncodings = 0;
			knownRegions = (
				en,
				Base,
			);
			mainGroup = A40000000000000000000001;
			productRefGroup = A40000000000000000000003 /* Products */;
			projectDirPath = "";
			projectRoot = "";
			targets = (
				A50000000000000000000001 /* MyPipCam */,
			);
		};
/* End PBXProject section */

/* Begin PBXResourcesBuildPhase section */
		A60000000000000000000002 /* Resources */ = {
			isa = PBXResourcesBuildPhase;
			buildActionMask = 2147483647;
			files = (
				A10000000000000000000008 /* Assets.xcassets in Resources */,
			);
			runOnlyForDeploymentPostprocessing = 0;
		};
/* End PBXResourcesBuildPhase section */

/* Begin PBXSourcesBuildPhase section */
		A60000000000000000000001 /* Sources */ = {
			isa = PBXSourcesBuildPhase;
			buildActionMask = 2147483647;
			files = (
				A10000000000000000000001 /* MyPipCamApp.swift in Sources */,
				A10000000000000000000002 /* CameraManager.swift in Sources */,
				A1000000000000000000000C /* MicrophoneManager.swift in Sources */,
				A10000000000000000000003 /* CameraPreviewView.swift in Sources */,
				A10000000000000000000004 /* CameraBubbleView.swift in Sources */,
				A10000000000000000000005 /* CameraBubbleController.swift in Sources */,
				A10000000000000000000006 /* BubbleSettings.swift in Sources */,
				A10000000000000000000007 /* StatusItemController.swift in Sources */,
				A10000000000000000000009 /* BorderColorPopover.swift in Sources */,
				A1000000000000000000000A /* LoginItemManager.swift in Sources */,
				A1000000000000000000000B /* ExtensionLibraryOpener.swift in Sources */,
				A1000000000000000000000D /* LibraryFolderStore.swift in Sources */,
				A1000000000000000000000E /* LibraryView.swift in Sources */,
				A1000000000000000000000F /* ScreenCloudRecorder.swift in Sources */,
				A10000000000000000000010 /* RecordingController.swift in Sources */,
				A10000000000000000000011 /* RecordToCloudCoordinator.swift in Sources */,
				A10000000000000000000012 /* RecordToCloudSetupView.swift in Sources */,
			);
			runOnlyForDeploymentPostprocessing = 0;
		};
/* End PBXSourcesBuildPhase section */

/* Begin XCBuildConfiguration section */
		A90000000000000000000001 /* Debug */ = {
			isa = XCBuildConfiguration;
			buildSettings = {
				ALWAYS_SEARCH_USER_PATHS = NO;
				CLANG_ENABLE_MODULES = YES;
				CLANG_ENABLE_OBJC_ARC = YES;
				COPY_PHASE_STRIP = NO;
				DEBUG_INFORMATION_FORMAT = dwarf;
				ENABLE_TESTABILITY = YES;
				GCC_DYNAMIC_NO_PIC = NO;
				GCC_OPTIMIZATION_LEVEL = 0;
				MACOSX_DEPLOYMENT_TARGET = 14.0;
				ONLY_ACTIVE_ARCH = YES;
				SDKROOT = macosx;
				SWIFT_ACTIVE_COMPILATION_CONDITIONS = DEBUG;
				SWIFT_OPTIMIZATION_LEVEL = "-Onone";
			};
			name = Debug;
		};
		A90000000000000000000002 /* Release */ = {
			isa = XCBuildConfiguration;
			buildSettings = {
				ALWAYS_SEARCH_USER_PATHS = NO;
				CLANG_ENABLE_MODULES = YES;
				CLANG_ENABLE_OBJC_ARC = YES;
				COPY_PHASE_STRIP = NO;
				DEBUG_INFORMATION_FORMAT = "dwarf-with-dsym";
				MACOSX_DEPLOYMENT_TARGET = 14.0;
				SDKROOT = macosx;
				SWIFT_COMPILATION_MODE = wholemodule;
				SWIFT_OPTIMIZATION_LEVEL = "-O";
			};
			name = Release;
		};
		A90000000000000000000003 /* Debug */ = {
			isa = XCBuildConfiguration;
			buildSettings = {
				ASSETCATALOG_COMPILER_APPICON_NAME = AppIcon;
				CODE_SIGN_ENTITLEMENTS = MyPipCam/MyPipCam.entitlements;
				CODE_SIGN_STYLE = Automatic;
				COMBINE_HIDPI_IMAGES = YES;
				CURRENT_PROJECT_VERSION = 8;
				DEVELOPMENT_TEAM = 977CN6XFAH;
				ENABLE_HARDENED_RUNTIME = YES;
				GENERATE_INFOPLIST_FILE = NO;
				INFOPLIST_FILE = MyPipCam/Info.plist;
				LD_RUNPATH_SEARCH_PATHS = (
					"$(inherited)",
					"@executable_path/../Frameworks",
				);
				MACOSX_DEPLOYMENT_TARGET = 14.0;
				MARKETING_VERSION = 1.1.8;
				PRODUCT_BUNDLE_IDENTIFIER = com.stevenmartinez.MyPipCam;
				PRODUCT_NAME = "$(TARGET_NAME)";
				SWIFT_EMIT_LOC_STRINGS = YES;
				SWIFT_VERSION = 5.0;
			};
			name = Debug;
		};
		A90000000000000000000004 /* Release */ = {
			isa = XCBuildConfiguration;
			buildSettings = {
				ASSETCATALOG_COMPILER_APPICON_NAME = AppIcon;
				CODE_SIGN_ENTITLEMENTS = MyPipCam/MyPipCam.entitlements;
				CODE_SIGN_STYLE = Automatic;
				COMBINE_HIDPI_IMAGES = YES;
				CURRENT_PROJECT_VERSION = 8;
				DEVELOPMENT_TEAM = 977CN6XFAH;
				ENABLE_HARDENED_RUNTIME = YES;
				GENERATE_INFOPLIST_FILE = NO;
				INFOPLIST_FILE = MyPipCam/Info.plist;
				LD_RUNPATH_SEARCH_PATHS = (
					"$(inherited)",
					"@executable_path/../Frameworks",
				);
				MACOSX_DEPLOYMENT_TARGET = 14.0;
				MARKETING_VERSION = 1.1.8;
				PRODUCT_BUNDLE_IDENTIFIER = com.stevenmartinez.MyPipCam;
				PRODUCT_NAME = "$(TARGET_NAME)";
				SWIFT_EMIT_LOC_STRINGS = YES;
				SWIFT_VERSION = 5.0;
			};
			name = Release;
		};
/* End XCBuildConfiguration section */

/* Begin XCConfigurationList section */
		A70000000000000000000001 /* Build configuration list for PBXProject "MyPipCam" */ = {
			isa = XCConfigurationList;
			buildConfigurations = (
				A90000000000000000000001 /* Debug */,
				A90000000000000000000002 /* Release */,
			);
			defaultConfigurationIsVisible = 0;
			defaultConfigurationName = Release;
		};
		A70000000000000000000003 /* Build configuration list for PBXNativeTarget "MyPipCam" */ = {
			isa = XCConfigurationList;
			buildConfigurations = (
				A90000000000000000000003 /* Debug */,
				A90000000000000000000004 /* Release */,
			);
			defaultConfigurationIsVisible = 0;
			defaultConfigurationName = Release;
		};
/* End XCConfigurationList section */
	};
	rootObject = A80000000000000000000001 /* Project object */;
}
